
Microsoft Visual Studio Solution File, Format Version 12.00
# Visual Studio Version 17
VisualStudioVersion = 17.0.31903.59
MinimumVisualStudioVersion = 10.0.40219.1
Project("{FAE04EC0-301F-11D3-BF4B-00C04F79EFBC}") = "Exercise1", "Exercise1\Exercise1.csproj", "{27EAE313-FD51-404F-9965-709BDCF2A0DC}"
EndProject
Project("{FAE04EC0-301F-11D3-BF4B-00C04F79EFBC}") = "Exercise2", "Exercise2\Exercise2.csproj", "{583B8A52-0B3B-4B54-A9D9-E275C4B24B25}"
EndProject
Project("{FAE04EC0-301F-11D3-BF4B-00C04F79EFBC}") = "Exercise3", "Exercise3\Exercise3.csproj", "{EE64095E-DB0A-4E61-BDE9-C09F858AF3F3}"
EndProject
Project("{FAE04EC0-301F-11D3-BF4B-00C04F79EFBC}") = "Exercise4", "Exercise4\Exercise4.csproj", "{F68C6379-15AC-43AB-BB4D-E3A6669AE20C}"
EndProject
Project("{FAE04EC0-301F-11D3-BF4B-00C04F79EFBC}") = "Exercise5", "Exercise5\Exercise5.csproj", "{6B649AC3-B413-4F8A-A96F-FD166CD4BA27}"
EndProject
Global
	GlobalSection(SolutionConfigurationPlatforms) = preSolution
		Debug|Any CPU = Debug|Any CPU
		Release|Any CPU = Release|Any CPU
	EndGlobalSection
	GlobalSection(ProjectConfigurationPlatforms) = postSolution
		{27EAE313-FD51-404F-9965-709BDCF2A0DC}.Debug|Any CPU.ActiveCfg = Debug|Any CPU
		{27EAE313-FD51-404F-9965-709BDCF2A0DC}.Debug|Any CPU.Build.0 = Debug|Any CPU
		{27EAE313-FD51-404F-9965-709BDCF2A0DC}.Release|Any CPU.ActiveCfg = Release|Any CPU
		{27EAE313-FD51-404F-9965-709BDCF2A0DC}.Release|Any CPU.Build.0 = Release|Any CPU
		{583B8A52-0B3B-4B54-A9D9-E275C4B24B25}.Debug|Any CPU.ActiveCfg = Debug|Any CPU
		{583B8A52-0B3B-4B54-A9D9-E275C4B24B25}.Debug|Any CPU.Build.0 = Debug|Any CPU
		{583B8A52-0B3B-4B54-A9D9-E275C4B24B25}.Release|Any CPU.ActiveCfg = Release|Any CPU
		{583B8A52-0B3B-4B54-A9D9-E275C4B24B25}.Release|Any CPU.Build.0 = Release|Any CPU
		{EE64095E-DB0A-4E61-BDE9-C09F858AF3F3}.Debug|Any CPU.ActiveCfg = Debug|Any CPU
		{EE64095E-DB0A-4E61-BDE9-C09F858AF3F3}.Debug|Any CPU.Build.0 = Debug|Any CPU
		{EE64095E-DB0A-4E61-BDE9-C09F858AF3F3}.Release|Any CPU.ActiveCfg = Release|Any CPU
		{EE64095E-DB0A-4E61-BDE9-C09F858AF3F3}.Release|Any CPU.Build.0 = Release|Any CPU
		{F68C6379-15AC-43AB-BB4D-E3A6669AE20C}.Debug|Any CPU.ActiveCfg = Debug|Any CPU
		{F68C6379-15AC-43AB-BB4D-E3A6669AE20C}.Debug|Any CPU.Build.0 = Debug|Any CPU
		{F68C6379-15AC-43AB-BB4D-E3A6669AE20C}.Release|Any CPU.ActiveCfg = Release|Any CPU
		{F68C6379-15AC-43AB-BB4D-E3A6669AE20C}.Release|Any CPU.Build.0 = Release|Any CPU
		{6B649AC3-B413-4F8A-A96F-FD166CD4BA27}.Debug|Any CPU.ActiveCfg = Debug|Any CPU
		{6B649AC3-B413-4F8A-A96F-FD166CD4BA27}.Debug|Any CPU.Build.0 = Debug|Any CPU
		{6B649AC3-B413-4F8A-A96F-FD166CD4BA27}.Release|Any CPU.ActiveCfg = Release|Any CPU
		{6B649AC3-B413-4F8A-A96F-FD166CD4BA27}.Release|Any CPU.Build.0 = Release|Any CPU
	EndGlobalSection
	GlobalSection(SolutionProperties) = preSolution
		HideSolutionNode = FALSE
	EndGlobalSection
	GlobalSection(ExtensibilityGlobals) = postSolution
		SolutionGuid = {5D8D84EC-2049-46C7-A9BC-FCCB3CE00594}
	EndGlobalSection
EndGlobal
